<?xml version="1.0" encoding="utf-8"?>
<Project ToolsVersion="4.0" xmlns="http://schemas.microsoft.com/developer/msbuild/2003">
  <ItemGroup>
    <Filter Include="Source Files">
      <UniqueIdentifier>{4FC737F1-C7A5-4376-A066-2A32D752A2FF}</UniqueIdentifier>
      <Extensions>cpp;c;cc;cxx;c++;cppm;ixx;def;odl;idl;hpj;bat;asm;asmx</Extensions>
    </Filter>
    <Filter Include="Header Files">
      <UniqueIdentifier>{93995380-89BD-4b04-88EB-625FBE52EBFB}</UniqueIdentifier>
      <Extensions>h;hh;hpp;hxx;h++;hm;inl;inc;ipp;xsd</Extensions>
    </Filter>
    <Filter Include="Resource Files">
      <UniqueIdentifier>{67DA6AB6-F800-4c08-8B7A-83BB121AAD01}</UniqueIdentifier>
      <Extensions>rc;ico;cur;bmp;dlg;rc2;rct;bin;rgs;gif;jpg;jpeg;jpe;resx;tiff;tif;png;wav;mfcribbon-ms</Extensions>
    </Filter>
  </ItemGroup>
  <ItemGroup>
    <ClCompile Include="Profesor.cpp">
      <Filter>Source Files</Filter>
    </ClCompile>
    <ClCompile Include="Paciente.cpp">
      <Filter>Source Files</Filter>
    </ClCompile>
    <ClCompile Include="Estudiante.cpp">
      <Filter>Source Files</Filter>
    </ClCompile>
    <ClCompile Include="Medico.cpp">
      <Filter>Source Files</Filter>
    </ClCompile>
    <ClCompile Include="Transporte.cpp">
      <Filter>Source Files</Filter>
    </ClCompile>
    <ClCompile Include="ListaPacienteProfesor.cpp">
      <Filter>Source Files</Filter>
    </ClCompile>
    <ClCompile Include="NodoPacienteEstudiante.cpp">
      <Filter>Source Files</Filter>
    </ClCompile>
    <ClCompile Include="NodoPacienteProfesor.cpp">
      <Filter>Source Files</Filter>
    </ClCompile>
    <ClCompile Include="Menu.cpp">
      <Filter>Source Files</Filter>
    </ClCompile>
    <ClCompile Include="Cita.cpp">
      <Filter>Source Files</Filter>
    </ClCompile>
    <ClCompile Include="Facilitadores.cpp">
      <Filter>Source Files</Filter>
    </ClCompile>
    <ClCompile Include="Fecha.cpp">
      <Filter>Source Files</Filter>
    </ClCompile>
    <ClCompile Include="Hora.cpp">
      <Filter>Source Files</Filter>
    </ClCompile>
    <ClCompile Include="ListaCita.cpp">
      <Filter>Source Files</Filter>
    </ClCompile>
    <ClCompile Include="ListaMedico.cpp">
      <Filter>Source Files</Filter>
    </ClCompile>
    <ClCompile Include="ListaPacienteEstudiante.cpp">
      <Filter>Source Files</Filter>
    </ClCompile>
    <ClCompile Include="ListaTransporte.cpp">
      <Filter>Source Files</Filter>
    </ClCompile>
    <ClCompile Include="main.cpp">
      <Filter>Source Files</Filter>
    </ClCompile>
    <ClCompile Include="NodoCita.cpp">
      <Filter>Source Files</Filter>
    </ClCompile>
    <ClCompile Include="NodoMedico.cpp">
      <Filter>Source Files</Filter>
    </ClCompile>
    <ClCompile Include="NodoTransporte.cpp">
      <Filter>Source Files</Filter>
    </ClCompile>
    <ClCompile Include="Saluduni.cpp">
      <Filter>Source Files</Filter>
    </ClCompile>
  </ItemGroup>
  <ItemGroup>
    <ClInclude Include="Profesor.h">
      <Filter>Header Files</Filter>
    </ClInclude>
    <ClInclude Include="Paciente.h">
      <Filter>Header Files</Filter>
    </ClInclude>
    <ClInclude Include="Estudiante.h">
      <Filter>Header Files</Filter>
    </ClInclude>
    <ClInclude Include="Medico.h">
      <Filter>Header Files</Filter>
    </ClInclude>
    <ClInclude Include="Transporte.h">
      <Filter>Header Files</Filter>
    </ClInclude>
    <ClInclude Include="Facilitadores.h">
      <Filter>Header Files</Filter>
    </ClInclude>
    <ClInclude Include="ListaMedico.h">
      <Filter>Header Files</Filter>
    </ClInclude>
    <ClInclude Include="ListaPacienteEstudiante.h">
      <Filter>Header Files</Filter>
    </ClInclude>
    <ClInclude Include="ListaTransporte.h">
      <Filter>Header Files</Filter>
    </ClInclude>
    <ClInclude Include="ListaCita.h">
      <Filter>Header Files</Filter>
    </ClInclude>
    <ClInclude Include="NodoMedico.h">
      <Filter>Header Files</Filter>
    </ClInclude>
    <ClInclude Include="NodoPacienteEstudiante.h">
      <Filter>Header Files</Filter>
    </ClInclude>
    <ClInclude Include="Cita.h">
      <Filter>Header Files</Filter>
    </ClInclude>
    <ClInclude Include="NodoCita.h">
      <Filter>Header Files</Filter>
    </ClInclude>
    <ClInclude Include="Menu.h">
      <Filter>Header Files</Filter>
    </ClInclude>
    <ClInclude Include="Fecha.h">
      <Filter>Header Files</Filter>
    </ClInclude>
    <ClInclude Include="Hora.h">
      <Filter>Header Files</Filter>
    </ClInclude>
    <ClInclude Include="NodoTransporte.h">
      <Filter>Header Files</Filter>
    </ClInclude>
    <ClInclude Include="Saluduni.h">
      <Filter>Header Files</Filter>
    </ClInclude>
    <ClInclude Include="ListaPacienteProfesor.h">
      <Filter>Header Files</Filter>
    </ClInclude>
    <ClInclude Include="NodoPacienteProfesor.h">
      <Filter>Header Files</Filter>
    </ClInclude>
  </ItemGroup>
  <ItemGroup>
    <Text Include="CMakeLists.txt" />
  </ItemGroup>
</Project>